
Microsoft Visual Studio Solution File, Format Version 12.00
# Visual Studio Version 17
VisualStudioVersion = 17.3.32819.101
MinimumVisualStudioVersion = 10.0.40219.1
Project("{FAE04EC0-301F-11D3-BF4B-00C04F79EFBC}") = "Registeration", "Registeration\Registeration.csproj", "{61DA7CA6-4F4B-4C7C-95AA-B0B73E9BA75F}"
EndProject
Project("{FAE04EC0-301F-11D3-BF4B-00C04F79EFBC}") = "DAL", "DAL\DAL.csproj", "{61B99673-5961-407A-841A-91A534CDE550}"
EndProject
Project("{FAE04EC0-301F-11D3-BF4B-00C04F79EFBC}") = "BL", "BL\BL.csproj", "{0559C865-7793-4DC6-95F0-E3CC3093B057}"
EndProject
Global
	GlobalSection(SolutionConfigurationPlatforms) = preSolution
		Debug|Any CPU = Debug|Any CPU
		Release|Any CPU = Release|Any CPU
	EndGlobalSection
	GlobalSection(ProjectConfigurationPlatforms) = postSolution
		{61DA7CA6-4F4B-4C7C-95AA-B0B73E9BA75F}.Debug|Any CPU.ActiveCfg = Debug|Any CPU
		{61DA7CA6-4F4B-4C7C-95AA-B0B73E9BA75F}.Debug|Any CPU.Build.0 = Debug|Any CPU
		{61DA7CA6-4F4B-4C7C-95AA-B0B73E9BA75F}.Release|Any CPU.ActiveCfg = Release|Any CPU
		{61DA7CA6-4F4B-4C7C-95AA-B0B73E9BA75F}.Release|Any CPU.Build.0 = Release|Any CPU
		{61B99673-5961-407A-841A-91A534CDE550}.Debug|Any CPU.ActiveCfg = Debug|Any CPU
		{61B99673-5961-407A-841A-91A534CDE550}.Debug|Any CPU.Build.0 = Debug|Any CPU
		{61B99673-5961-407A-841A-91A534CDE550}.Release|Any CPU.ActiveCfg = Release|Any CPU
		{61B99673-5961-407A-841A-91A534CDE550}.Release|Any CPU.Build.0 = Release|Any CPU
		{0559C865-7793-4DC6-95F0-E3CC3093B057}.Debug|Any CPU.ActiveCfg = Debug|Any CPU
		{0559C865-7793-4DC6-95F0-E3CC3093B057}.Debug|Any CPU.Build.0 = Debug|Any CPU
		{0559C865-7793-4DC6-95F0-E3CC3093B057}.Release|Any CPU.ActiveCfg = Release|Any CPU
		{0559C865-7793-4DC6-95F0-E3CC3093B057}.Release|Any CPU.Build.0 = Release|Any CPU
	EndGlobalSection
	GlobalSection(SolutionProperties) = preSolution
		HideSolutionNode = FALSE
	EndGlobalSection
	GlobalSection(ExtensibilityGlobals) = postSolution
		SolutionGuid = {6369B552-60F0-4B97-8097-9BCE1A1A2D18}
	EndGlobalSection
EndGlobal
